
Microsoft Visual Studio Solution File, Format Version 12.00
# Visual Studio Version 16
VisualStudioVersion = 16.0.29230.61
MinimumVisualStudioVersion = 10.0.40219.1
Project("{9A19103F-16F7-4668-BE54-9A1E7A4F7556}") = "AKS.Common", "AKS.Common\AKS.Common.csproj", "{EF3F2081-E1C7-47C9-870E-00DCC9505EC6}"
EndProject
Project("{9A19103F-16F7-4668-BE54-9A1E7A4F7556}") = "AKS.Infrastructure", "AKS.Infrastructure\AKS.Infrastructure.csproj", "{0E4C8522-3B60-40D3-AA75-7F1EE2684564}"
EndProject
Project("{9A19103F-16F7-4668-BE54-9A1E7A4F7556}") = "AKS.Infrastructure.Tests", "AKS.Infrastructure.Tests\AKS.Infrastructure.Tests.csproj", "{237CDEED-8515-41F8-AA44-1CB3C9E37FC5}"
EndProject
Project("{9A19103F-16F7-4668-BE54-9A1E7A4F7556}") = "AKS.App.Build.Api", "AKS.Web.Api\AKS.App.Build.Api.csproj", "{50AED701-FBE3-4AFD-9E66-963FB734C0E7}"
EndProject
Project("{9A19103F-16F7-4668-BE54-9A1E7A4F7556}") = "AKS.App.Build", "AKS.Web.Build\AKS.App.Build.csproj", "{B1921167-7516-475F-B2AD-2D2F74DE18CD}"
EndProject
Project("{9A19103F-16F7-4668-BE54-9A1E7A4F7556}") = "AKS.App.Core", "AKS.Web.Shared\AKS.App.Core.csproj", "{0A640511-440F-4EFE-A487-A77EF6F2E1B0}"
EndProject
Project("{9A19103F-16F7-4668-BE54-9A1E7A4F7556}") = "AKS.App.Build.Api.Client", "AKS.App.Build.Api.Client\AKS.App.Build.Api.Client.csproj", "{A757449B-17DD-4E32-BA45-69668B2ED4E3}"
EndProject
Global
	GlobalSection(SolutionConfigurationPlatforms) = preSolution
		Debug|Any CPU = Debug|Any CPU
		Release|Any CPU = Release|Any CPU
	EndGlobalSection
	GlobalSection(ProjectConfigurationPlatforms) = postSolution
		{EF3F2081-E1C7-47C9-870E-00DCC9505EC6}.Debug|Any CPU.ActiveCfg = Debug|Any CPU
		{EF3F2081-E1C7-47C9-870E-00DCC9505EC6}.Debug|Any CPU.Build.0 = Debug|Any CPU
		{EF3F2081-E1C7-47C9-870E-00DCC9505EC6}.Release|Any CPU.ActiveCfg = Release|Any CPU
		{EF3F2081-E1C7-47C9-870E-00DCC9505EC6}.Release|Any CPU.Build.0 = Release|Any CPU
		{0E4C8522-3B60-40D3-AA75-7F1EE2684564}.Debug|Any CPU.ActiveCfg = Debug|Any CPU
		{0E4C8522-3B60-40D3-AA75-7F1EE2684564}.Debug|Any CPU.Build.0 = Debug|Any CPU
		{0E4C8522-3B60-40D3-AA75-7F1EE2684564}.Release|Any CPU.ActiveCfg = Release|Any CPU
		{0E4C8522-3B60-40D3-AA75-7F1EE2684564}.Release|Any CPU.Build.0 = Release|Any CPU
		{237CDEED-8515-41F8-AA44-1CB3C9E37FC5}.Debug|Any CPU.ActiveCfg = Debug|Any CPU
		{237CDEED-8515-41F8-AA44-1CB3C9E37FC5}.Debug|Any CPU.Build.0 = Debug|Any CPU
		{237CDEED-8515-41F8-AA44-1CB3C9E37FC5}.Release|Any CPU.ActiveCfg = Release|Any CPU
		{237CDEED-8515-41F8-AA44-1CB3C9E37FC5}.Release|Any CPU.Build.0 = Release|Any CPU
		{50AED701-FBE3-4AFD-9E66-963FB734C0E7}.Debug|Any CPU.ActiveCfg = Debug|Any CPU
		{50AED701-FBE3-4AFD-9E66-963FB734C0E7}.Debug|Any CPU.Build.0 = Debug|Any CPU
		{50AED701-FBE3-4AFD-9E66-963FB734C0E7}.Release|Any CPU.ActiveCfg = Release|Any CPU
		{50AED701-FBE3-4AFD-9E66-963FB734C0E7}.Release|Any CPU.Build.0 = Release|Any CPU
		{B1921167-7516-475F-B2AD-2D2F74DE18CD}.Debug|Any CPU.ActiveCfg = Debug|Any CPU
		{B1921167-7516-475F-B2AD-2D2F74DE18CD}.Debug|Any CPU.Build.0 = Debug|Any CPU
		{B1921167-7516-475F-B2AD-2D2F74DE18CD}.Release|Any CPU.ActiveCfg = Release|Any CPU
		{B1921167-7516-475F-B2AD-2D2F74DE18CD}.Release|Any CPU.Build.0 = Release|Any CPU
		{0A640511-440F-4EFE-A487-A77EF6F2E1B0}.Debug|Any CPU.ActiveCfg = Debug|Any CPU
		{0A640511-440F-4EFE-A487-A77EF6F2E1B0}.Debug|Any CPU.Build.0 = Debug|Any CPU
		{0A640511-440F-4EFE-A487-A77EF6F2E1B0}.Release|Any CPU.ActiveCfg = Release|Any CPU
		{0A640511-440F-4EFE-A487-A77EF6F2E1B0}.Release|Any CPU.Build.0 = Release|Any CPU
		{A757449B-17DD-4E32-BA45-69668B2ED4E3}.Debug|Any CPU.ActiveCfg = Debug|Any CPU
		{A757449B-17DD-4E32-BA45-69668B2ED4E3}.Debug|Any CPU.Build.0 = Debug|Any CPU
		{A757449B-17DD-4E32-BA45-69668B2ED4E3}.Release|Any CPU.ActiveCfg = Release|Any CPU
		{A757449B-17DD-4E32-BA45-69668B2ED4E3}.Release|Any CPU.Build.0 = Release|Any CPU
	EndGlobalSection
	GlobalSection(SolutionProperties) = preSolution
		HideSolutionNode = FALSE
	EndGlobalSection
	GlobalSection(ExtensibilityGlobals) = postSolution
		SolutionGuid = {221E74A3-30BE-4784-B7F6-B913AAA5CFC5}
	EndGlobalSection
EndGlobal
