
Microsoft Visual Studio Solution File, Format Version 12.00
# Visual Studio Version 16
VisualStudioVersion = 16.0.28621.142
MinimumVisualStudioVersion = 10.0.40219.1
Project("{2150E333-8FDC-42A3-9474-1A3956D46DE8}") = "SolutionItems", "SolutionItems", "{70B36D70-C8AF-4FCE-8EED-3954D01E0BF8}"
EndProject
Project("{2150E333-8FDC-42A3-9474-1A3956D46DE8}") = "src", "src", "{19AF4248-CCCA-4E09-8A95-6AD838C59A61}"
EndProject
Project("{2150E333-8FDC-42A3-9474-1A3956D46DE8}") = "tests", "tests", "{358B564B-5204-4C00-89BF-89FD8CAFFC48}"
EndProject
Project("{9A19103F-16F7-4668-BE54-9A1E7A4F7556}") = "Resurgam.AppCore", "Resurgam.AppCore\Resurgam.AppCore.csproj", "{FEE3A4AF-573B-47BA-85EA-7F75819B65C0}"
EndProject
Project("{9A19103F-16F7-4668-BE54-9A1E7A4F7556}") = "Resurgam.Infrastructure", "Resurgam.Infrastructure\Resurgam.Infrastructure.csproj", "{D0FD6FF9-ADEB-45E8-95E6-5FBFE58BAB99}"
EndProject
Project("{9A19103F-16F7-4668-BE54-9A1E7A4F7556}") = "Resurgam.AppCore.Tests", "Resurgam.AppCore.Tests\Resurgam.AppCore.Tests.csproj", "{1CB685CD-0E89-4483-9976-26893DA988C3}"
EndProject
Project("{9A19103F-16F7-4668-BE54-9A1E7A4F7556}") = "CKEditor.Blazor", "CKEditor.Blazor\CKEditor.Blazor.csproj", "{050969EB-3089-47BD-85D2-573ABD89C47C}"
EndProject
Project("{9A19103F-16F7-4668-BE54-9A1E7A4F7556}") = "Resurgam.Admin.Web", "Resurgam.Admin.Web\Resurgam.Admin.Web.csproj", "{9EF30516-58EF-456A-8BE1-8CE8C3ADA0FA}"
EndProject
Project("{9A19103F-16F7-4668-BE54-9A1E7A4F7556}") = "Resurgam.Admin.Api", "Resurgam.Admin.Api\Resurgam.Admin.Api.csproj", "{003A3983-4DB3-489C-8F96-805D1A1209D8}"
EndProject
Project("{9A19103F-16F7-4668-BE54-9A1E7A4F7556}") = "AKS.Builder", "AKS.Builder\AKS.Builder.csproj", "{EB62735C-B69F-485C-83BC-6FA299E6A665}"
EndProject
Project("{2150E333-8FDC-42A3-9474-1A3956D46DE8}") = "Solution Items", "Solution Items", "{4CDA5CEC-D447-44CB-B18E-B7AE65854815}"
	ProjectSection(SolutionItems) = preProject
		.editorconfig = .editorconfig
	EndProjectSection
EndProject
Project("{FAE04EC0-301F-11D3-BF4B-00C04F79EFBC}") = "AKS.Api.Wrapper", "AKS.Api.Wrapper\AKS.Api.Wrapper.csproj", "{2D12A7CA-FB20-4010-9155-1992EFB5DB40}"
EndProject
Project("{FAE04EC0-301F-11D3-BF4B-00C04F79EFBC}") = "AKS.Common", "AKS.Common\AKS.Common.csproj", "{5F301444-1368-40A6-BDAC-C64A3CA89DEB}"
EndProject
Global
	GlobalSection(SolutionConfigurationPlatforms) = preSolution
		Debug|Any CPU = Debug|Any CPU
		Release|Any CPU = Release|Any CPU
	EndGlobalSection
	GlobalSection(ProjectConfigurationPlatforms) = postSolution
		{FEE3A4AF-573B-47BA-85EA-7F75819B65C0}.Debug|Any CPU.ActiveCfg = Debug|Any CPU
		{FEE3A4AF-573B-47BA-85EA-7F75819B65C0}.Debug|Any CPU.Build.0 = Debug|Any CPU
		{FEE3A4AF-573B-47BA-85EA-7F75819B65C0}.Release|Any CPU.ActiveCfg = Release|Any CPU
		{FEE3A4AF-573B-47BA-85EA-7F75819B65C0}.Release|Any CPU.Build.0 = Release|Any CPU
		{D0FD6FF9-ADEB-45E8-95E6-5FBFE58BAB99}.Debug|Any CPU.ActiveCfg = Debug|Any CPU
		{D0FD6FF9-ADEB-45E8-95E6-5FBFE58BAB99}.Debug|Any CPU.Build.0 = Debug|Any CPU
		{D0FD6FF9-ADEB-45E8-95E6-5FBFE58BAB99}.Release|Any CPU.ActiveCfg = Release|Any CPU
		{D0FD6FF9-ADEB-45E8-95E6-5FBFE58BAB99}.Release|Any CPU.Build.0 = Release|Any CPU
		{1CB685CD-0E89-4483-9976-26893DA988C3}.Debug|Any CPU.ActiveCfg = Debug|Any CPU
		{1CB685CD-0E89-4483-9976-26893DA988C3}.Debug|Any CPU.Build.0 = Debug|Any CPU
		{1CB685CD-0E89-4483-9976-26893DA988C3}.Release|Any CPU.ActiveCfg = Release|Any CPU
		{1CB685CD-0E89-4483-9976-26893DA988C3}.Release|Any CPU.Build.0 = Release|Any CPU
		{050969EB-3089-47BD-85D2-573ABD89C47C}.Debug|Any CPU.ActiveCfg = Debug|Any CPU
		{050969EB-3089-47BD-85D2-573ABD89C47C}.Debug|Any CPU.Build.0 = Debug|Any CPU
		{050969EB-3089-47BD-85D2-573ABD89C47C}.Release|Any CPU.ActiveCfg = Release|Any CPU
		{050969EB-3089-47BD-85D2-573ABD89C47C}.Release|Any CPU.Build.0 = Release|Any CPU
		{9EF30516-58EF-456A-8BE1-8CE8C3ADA0FA}.Debug|Any CPU.ActiveCfg = Debug|Any CPU
		{9EF30516-58EF-456A-8BE1-8CE8C3ADA0FA}.Debug|Any CPU.Build.0 = Debug|Any CPU
		{9EF30516-58EF-456A-8BE1-8CE8C3ADA0FA}.Release|Any CPU.ActiveCfg = Release|Any CPU
		{9EF30516-58EF-456A-8BE1-8CE8C3ADA0FA}.Release|Any CPU.Build.0 = Release|Any CPU
		{003A3983-4DB3-489C-8F96-805D1A1209D8}.Debug|Any CPU.ActiveCfg = Debug|Any CPU
		{003A3983-4DB3-489C-8F96-805D1A1209D8}.Debug|Any CPU.Build.0 = Debug|Any CPU
		{003A3983-4DB3-489C-8F96-805D1A1209D8}.Release|Any CPU.ActiveCfg = Release|Any CPU
		{003A3983-4DB3-489C-8F96-805D1A1209D8}.Release|Any CPU.Build.0 = Release|Any CPU
		{EB62735C-B69F-485C-83BC-6FA299E6A665}.Debug|Any CPU.ActiveCfg = Debug|Any CPU
		{EB62735C-B69F-485C-83BC-6FA299E6A665}.Debug|Any CPU.Build.0 = Debug|Any CPU
		{EB62735C-B69F-485C-83BC-6FA299E6A665}.Release|Any CPU.ActiveCfg = Release|Any CPU
		{EB62735C-B69F-485C-83BC-6FA299E6A665}.Release|Any CPU.Build.0 = Release|Any CPU
		{2D12A7CA-FB20-4010-9155-1992EFB5DB40}.Debug|Any CPU.ActiveCfg = Debug|Any CPU
		{2D12A7CA-FB20-4010-9155-1992EFB5DB40}.Debug|Any CPU.Build.0 = Debug|Any CPU
		{2D12A7CA-FB20-4010-9155-1992EFB5DB40}.Release|Any CPU.ActiveCfg = Release|Any CPU
		{2D12A7CA-FB20-4010-9155-1992EFB5DB40}.Release|Any CPU.Build.0 = Release|Any CPU
		{5F301444-1368-40A6-BDAC-C64A3CA89DEB}.Debug|Any CPU.ActiveCfg = Debug|Any CPU
		{5F301444-1368-40A6-BDAC-C64A3CA89DEB}.Debug|Any CPU.Build.0 = Debug|Any CPU
		{5F301444-1368-40A6-BDAC-C64A3CA89DEB}.Release|Any CPU.ActiveCfg = Release|Any CPU
		{5F301444-1368-40A6-BDAC-C64A3CA89DEB}.Release|Any CPU.Build.0 = Release|Any CPU
	EndGlobalSection
	GlobalSection(SolutionProperties) = preSolution
		HideSolutionNode = FALSE
	EndGlobalSection
	GlobalSection(NestedProjects) = preSolution
		{FEE3A4AF-573B-47BA-85EA-7F75819B65C0} = {19AF4248-CCCA-4E09-8A95-6AD838C59A61}
		{D0FD6FF9-ADEB-45E8-95E6-5FBFE58BAB99} = {19AF4248-CCCA-4E09-8A95-6AD838C59A61}
		{1CB685CD-0E89-4483-9976-26893DA988C3} = {358B564B-5204-4C00-89BF-89FD8CAFFC48}
		{9EF30516-58EF-456A-8BE1-8CE8C3ADA0FA} = {19AF4248-CCCA-4E09-8A95-6AD838C59A61}
		{003A3983-4DB3-489C-8F96-805D1A1209D8} = {19AF4248-CCCA-4E09-8A95-6AD838C59A61}
		{EB62735C-B69F-485C-83BC-6FA299E6A665} = {19AF4248-CCCA-4E09-8A95-6AD838C59A61}
		{2D12A7CA-FB20-4010-9155-1992EFB5DB40} = {19AF4248-CCCA-4E09-8A95-6AD838C59A61}
		{5F301444-1368-40A6-BDAC-C64A3CA89DEB} = {19AF4248-CCCA-4E09-8A95-6AD838C59A61}
	EndGlobalSection
	GlobalSection(ExtensibilityGlobals) = postSolution
		SolutionGuid = {C9DA6E14-0EAE-4061-A046-A84CDD961ADE}
	EndGlobalSection
EndGlobal
