
Microsoft Visual Studio Solution File, Format Version 12.00
# Visual Studio 15
VisualStudioVersion = 15.0.27705.2000
MinimumVisualStudioVersion = 10.0.40219.1
Project("{2150E333-8FDC-42A3-9474-1A3956D46DE8}") = "SolutionItems", "SolutionItems", "{70B36D70-C8AF-4FCE-8EED-3954D01E0BF8}"
EndProject
Project("{2150E333-8FDC-42A3-9474-1A3956D46DE8}") = "src", "src", "{19AF4248-CCCA-4E09-8A95-6AD838C59A61}"
EndProject
Project("{2150E333-8FDC-42A3-9474-1A3956D46DE8}") = "tests", "tests", "{358B564B-5204-4C00-89BF-89FD8CAFFC48}"
EndProject
Project("{9A19103F-16F7-4668-BE54-9A1E7A4F7556}") = "Resurgam.AppCore", "Resurgam.AppCore\Resurgam.AppCore.csproj", "{FEE3A4AF-573B-47BA-85EA-7F75819B65C0}"
EndProject
Project("{9A19103F-16F7-4668-BE54-9A1E7A4F7556}") = "Resurgam.Infrastructure", "Resurgam.Infrastructure\Resurgam.Infrastructure.csproj", "{D0FD6FF9-ADEB-45E8-95E6-5FBFE58BAB99}"
EndProject
Project("{9A19103F-16F7-4668-BE54-9A1E7A4F7556}") = "Resurgam.AppCore.Tests", "Resurgam.AppCore.Tests\Resurgam.AppCore.Tests.csproj", "{1CB685CD-0E89-4483-9976-26893DA988C3}"
EndProject
Project("{9A19103F-16F7-4668-BE54-9A1E7A4F7556}") = "Resurgam.Admin.Api", "Resurgam.Admin.Api\Resurgam.Admin.Api.csproj", "{B25C17F2-67A3-424C-984D-2E78A477B6AE}"
EndProject
Project("{9A19103F-16F7-4668-BE54-9A1E7A4F7556}") = "Resurgam.Admin.Web", "Resurgam.Admin.Web\Resurgam.Admin.Web.csproj", "{4ED03A8F-4BCC-44E6-8C5D-BF1F67EBCB11}"
EndProject
Project("{9A19103F-16F7-4668-BE54-9A1E7A4F7556}") = "Resurgam.Blazor.Server", "Resurgam.Blazor.Server\Resurgam.Blazor.Server.csproj", "{489F696F-8127-4147-901E-3D2592B1D3C3}"
EndProject
Project("{9A19103F-16F7-4668-BE54-9A1E7A4F7556}") = "Resurgam.Blazor.App", "Resurgam.Blazor.App\Resurgam.Blazor.App.csproj", "{CC247B5D-EE3A-482A-86AE-1414F5F8453C}"
EndProject
Project("{9A19103F-16F7-4668-BE54-9A1E7A4F7556}") = "CKEditor.Blazor", "CKEditor.Blazor\CKEditor.Blazor.csproj", "{050969EB-3089-47BD-85D2-573ABD89C47C}"
EndProject
Global
	GlobalSection(SolutionConfigurationPlatforms) = preSolution
		Debug|Any CPU = Debug|Any CPU
		Release|Any CPU = Release|Any CPU
	EndGlobalSection
	GlobalSection(ProjectConfigurationPlatforms) = postSolution
		{FEE3A4AF-573B-47BA-85EA-7F75819B65C0}.Debug|Any CPU.ActiveCfg = Debug|Any CPU
		{FEE3A4AF-573B-47BA-85EA-7F75819B65C0}.Debug|Any CPU.Build.0 = Debug|Any CPU
		{FEE3A4AF-573B-47BA-85EA-7F75819B65C0}.Release|Any CPU.ActiveCfg = Release|Any CPU
		{FEE3A4AF-573B-47BA-85EA-7F75819B65C0}.Release|Any CPU.Build.0 = Release|Any CPU
		{D0FD6FF9-ADEB-45E8-95E6-5FBFE58BAB99}.Debug|Any CPU.ActiveCfg = Debug|Any CPU
		{D0FD6FF9-ADEB-45E8-95E6-5FBFE58BAB99}.Debug|Any CPU.Build.0 = Debug|Any CPU
		{D0FD6FF9-ADEB-45E8-95E6-5FBFE58BAB99}.Release|Any CPU.ActiveCfg = Release|Any CPU
		{D0FD6FF9-ADEB-45E8-95E6-5FBFE58BAB99}.Release|Any CPU.Build.0 = Release|Any CPU
		{1CB685CD-0E89-4483-9976-26893DA988C3}.Debug|Any CPU.ActiveCfg = Debug|Any CPU
		{1CB685CD-0E89-4483-9976-26893DA988C3}.Debug|Any CPU.Build.0 = Debug|Any CPU
		{1CB685CD-0E89-4483-9976-26893DA988C3}.Release|Any CPU.ActiveCfg = Release|Any CPU
		{1CB685CD-0E89-4483-9976-26893DA988C3}.Release|Any CPU.Build.0 = Release|Any CPU
		{B25C17F2-67A3-424C-984D-2E78A477B6AE}.Debug|Any CPU.ActiveCfg = Debug|Any CPU
		{B25C17F2-67A3-424C-984D-2E78A477B6AE}.Debug|Any CPU.Build.0 = Debug|Any CPU
		{B25C17F2-67A3-424C-984D-2E78A477B6AE}.Release|Any CPU.ActiveCfg = Release|Any CPU
		{B25C17F2-67A3-424C-984D-2E78A477B6AE}.Release|Any CPU.Build.0 = Release|Any CPU
		{4ED03A8F-4BCC-44E6-8C5D-BF1F67EBCB11}.Debug|Any CPU.ActiveCfg = Debug|Any CPU
		{4ED03A8F-4BCC-44E6-8C5D-BF1F67EBCB11}.Debug|Any CPU.Build.0 = Debug|Any CPU
		{4ED03A8F-4BCC-44E6-8C5D-BF1F67EBCB11}.Release|Any CPU.ActiveCfg = Release|Any CPU
		{4ED03A8F-4BCC-44E6-8C5D-BF1F67EBCB11}.Release|Any CPU.Build.0 = Release|Any CPU
		{489F696F-8127-4147-901E-3D2592B1D3C3}.Debug|Any CPU.ActiveCfg = Debug|Any CPU
		{489F696F-8127-4147-901E-3D2592B1D3C3}.Debug|Any CPU.Build.0 = Debug|Any CPU
		{489F696F-8127-4147-901E-3D2592B1D3C3}.Release|Any CPU.ActiveCfg = Release|Any CPU
		{489F696F-8127-4147-901E-3D2592B1D3C3}.Release|Any CPU.Build.0 = Release|Any CPU
		{CC247B5D-EE3A-482A-86AE-1414F5F8453C}.Debug|Any CPU.ActiveCfg = Debug|Any CPU
		{CC247B5D-EE3A-482A-86AE-1414F5F8453C}.Debug|Any CPU.Build.0 = Debug|Any CPU
		{CC247B5D-EE3A-482A-86AE-1414F5F8453C}.Release|Any CPU.ActiveCfg = Release|Any CPU
		{CC247B5D-EE3A-482A-86AE-1414F5F8453C}.Release|Any CPU.Build.0 = Release|Any CPU
		{050969EB-3089-47BD-85D2-573ABD89C47C}.Debug|Any CPU.ActiveCfg = Debug|Any CPU
		{050969EB-3089-47BD-85D2-573ABD89C47C}.Debug|Any CPU.Build.0 = Debug|Any CPU
		{050969EB-3089-47BD-85D2-573ABD89C47C}.Release|Any CPU.ActiveCfg = Release|Any CPU
		{050969EB-3089-47BD-85D2-573ABD89C47C}.Release|Any CPU.Build.0 = Release|Any CPU
	EndGlobalSection
	GlobalSection(SolutionProperties) = preSolution
		HideSolutionNode = FALSE
	EndGlobalSection
	GlobalSection(NestedProjects) = preSolution
		{FEE3A4AF-573B-47BA-85EA-7F75819B65C0} = {19AF4248-CCCA-4E09-8A95-6AD838C59A61}
		{D0FD6FF9-ADEB-45E8-95E6-5FBFE58BAB99} = {19AF4248-CCCA-4E09-8A95-6AD838C59A61}
		{1CB685CD-0E89-4483-9976-26893DA988C3} = {358B564B-5204-4C00-89BF-89FD8CAFFC48}
		{B25C17F2-67A3-424C-984D-2E78A477B6AE} = {19AF4248-CCCA-4E09-8A95-6AD838C59A61}
		{4ED03A8F-4BCC-44E6-8C5D-BF1F67EBCB11} = {19AF4248-CCCA-4E09-8A95-6AD838C59A61}
		{489F696F-8127-4147-901E-3D2592B1D3C3} = {19AF4248-CCCA-4E09-8A95-6AD838C59A61}
		{CC247B5D-EE3A-482A-86AE-1414F5F8453C} = {19AF4248-CCCA-4E09-8A95-6AD838C59A61}
	EndGlobalSection
	GlobalSection(ExtensibilityGlobals) = postSolution
		SolutionGuid = {C9DA6E14-0EAE-4061-A046-A84CDD961ADE}
	EndGlobalSection
EndGlobal
